{
    "requires": true,
    "lockfileVersion": 1,
    "dependencies": {
        "2": {
            "version": "1.0.1",
            "resolved": "https://registry.npmjs.org/2/-/2-1.0.1.tgz",
            "integrity": "sha1-yhWgYpdqFtTiHMB2L+n6Lbs++Es="
        },
        "moment": {
            "version": "2.19.3",
            "resolved": "https://registry.npmjs.org/moment/-/moment-2.19.3.tgz",
            "integrity": "sha1-vbmdJw1tf9p4zA+6zoVeJ/59pp8="
        },
        "vue": {
            "version": "2.5.9",
            "resolved": "https://registry.npmjs.org/vue/-/vue-2.5.9.tgz",
            "integrity": "sha512-9B9XBpCtj8y5eJFrspIcKxIWt+lG9FMdF8qgyOlUeOIvcS4xSAvcARygbzHA6Pi0KWFj4BvxjtWbuPVWRx/wuA==",
            "dev": true
        },
        "vue-moment": {
            "version": "3.0.0",
            "resolved": "https://registry.npmjs.org/vue-moment/-/vue-moment-3.0.0.tgz",
            "integrity": "sha512-VjwDFc2NPzA93j9quSH6FB5wZbSbU+5aCyMq5AFzYVHVDStJCSPKw30FNt5A+S63Qz1GqJzVOCc9B0hVDdN+kw==",
            "requires": {
                "moment": "2.19.3"
            }
        },
        "vue-select": {
            "version": "github:sagalbot/vue-select#f5d99a05f216122db695f4090150e9c73cfc2d8b"
        }
    }
}
