{
    "requires": true,
    "lockfileVersion": 1,
    "dependencies": {
        "2": {
            "version": "1.0.1",
            "resolved": "https://registry.npmjs.org/2/-/2-1.0.1.tgz",
            "integrity": "sha1-yhWgYpdqFtTiHMB2L+n6Lbs++Es="
        },
        "vue": {
            "version": "2.5.9",
            "resolved": "https://registry.npmjs.org/vue/-/vue-2.5.9.tgz",
            "integrity": "sha512-9B9XBpCtj8y5eJFrspIcKxIWt+lG9FMdF8qgyOlUeOIvcS4xSAvcARygbzHA6Pi0KWFj4BvxjtWbuPVWRx/wuA==",
            "dev": true
        },
        "vue-select": {
            "version": "github:sagalbot/vue-select#f5d99a05f216122db695f4090150e9c73cfc2d8b"
        }
    }
}
